
Microsoft Visual Studio Solution File, Format Version 12.00
# Visual Studio 15
VisualStudioVersion = 15.0.27130.2027
MinimumVisualStudioVersion = 10.0.40219.1
Project("{8BC9CEB8-8B4A-11D0-8D11-00A0C91BC942}") = "EJ2.2", "EJ2.2\EJ2.2.vcxproj", "{582C19D3-73C8-498E-9F2E-F87545B1C071}"
EndProject
Global
	GlobalSection(SolutionConfigurationPlatforms) = preSolution
		Debug|x64 = Debug|x64
		Debug|x86 = Debug|x86
		Release|x64 = Release|x64
		Release|x86 = Release|x86
	EndGlobalSection
	GlobalSection(ProjectConfigurationPlatforms) = postSolution
		{582C19D3-73C8-498E-9F2E-F87545B1C071}.Debug|x64.ActiveCfg = Debug|x64
		{582C19D3-73C8-498E-9F2E-F87545B1C071}.Debug|x64.Build.0 = Debug|x64
		{582C19D3-73C8-498E-9F2E-F87545B1C071}.Debug|x86.ActiveCfg = Debug|Win32
		{582C19D3-73C8-498E-9F2E-F87545B1C071}.Debug|x86.Build.0 = Debug|Win32
		{582C19D3-73C8-498E-9F2E-F87545B1C071}.Release|x64.ActiveCfg = Release|x64
		{582C19D3-73C8-498E-9F2E-F87545B1C071}.Release|x64.Build.0 = Release|x64
		{582C19D3-73C8-498E-9F2E-F87545B1C071}.Release|x86.ActiveCfg = Release|Win32
		{582C19D3-73C8-498E-9F2E-F87545B1C071}.Release|x86.Build.0 = Release|Win32
	EndGlobalSection
	GlobalSection(SolutionProperties) = preSolution
		HideSolutionNode = FALSE
	EndGlobalSection
	GlobalSection(ExtensibilityGlobals) = postSolution
		SolutionGuid = {1FA51C3B-987C-4704-AFD1-0659EE2530C7}
	EndGlobalSection
EndGlobal
