
Microsoft Visual Studio Solution File, Format Version 12.00
# Visual Studio 15
VisualStudioVersion = 15.0.27130.2027
MinimumVisualStudioVersion = 10.0.40219.1
Project("{8BC9CEB8-8B4A-11D0-8D11-00A0C91BC942}") = "SEPTIEMBRE_2017_EJ3", "SEPTIEMBRE_2017_EJ3\SEPTIEMBRE_2017_EJ3.vcxproj", "{AF23E4BE-C43C-4D2B-8829-40A696112C8D}"
EndProject
Global
	GlobalSection(SolutionConfigurationPlatforms) = preSolution
		Debug|x64 = Debug|x64
		Debug|x86 = Debug|x86
		Release|x64 = Release|x64
		Release|x86 = Release|x86
	EndGlobalSection
	GlobalSection(ProjectConfigurationPlatforms) = postSolution
		{AF23E4BE-C43C-4D2B-8829-40A696112C8D}.Debug|x64.ActiveCfg = Debug|x64
		{AF23E4BE-C43C-4D2B-8829-40A696112C8D}.Debug|x64.Build.0 = Debug|x64
		{AF23E4BE-C43C-4D2B-8829-40A696112C8D}.Debug|x86.ActiveCfg = Debug|Win32
		{AF23E4BE-C43C-4D2B-8829-40A696112C8D}.Debug|x86.Build.0 = Debug|Win32
		{AF23E4BE-C43C-4D2B-8829-40A696112C8D}.Release|x64.ActiveCfg = Release|x64
		{AF23E4BE-C43C-4D2B-8829-40A696112C8D}.Release|x64.Build.0 = Release|x64
		{AF23E4BE-C43C-4D2B-8829-40A696112C8D}.Release|x86.ActiveCfg = Release|Win32
		{AF23E4BE-C43C-4D2B-8829-40A696112C8D}.Release|x86.Build.0 = Release|Win32
	EndGlobalSection
	GlobalSection(SolutionProperties) = preSolution
		HideSolutionNode = FALSE
	EndGlobalSection
	GlobalSection(ExtensibilityGlobals) = postSolution
		SolutionGuid = {AB176DBF-CE9B-413D-BAD6-B8B466B9A6A8}
	EndGlobalSection
EndGlobal
