
Microsoft Visual Studio Solution File, Format Version 12.00
# Visual Studio 15
VisualStudioVersion = 15.0.27130.2027
MinimumVisualStudioVersion = 10.0.40219.1
Project("{8BC9CEB8-8B4A-11D0-8D11-00A0C91BC942}") = "EJ3.8", "EJ3.8\EJ3.8.vcxproj", "{063ACA02-6A09-4712-B91D-6955BF9D480E}"
EndProject
Global
	GlobalSection(SolutionConfigurationPlatforms) = preSolution
		Debug|x64 = Debug|x64
		Debug|x86 = Debug|x86
		Release|x64 = Release|x64
		Release|x86 = Release|x86
	EndGlobalSection
	GlobalSection(ProjectConfigurationPlatforms) = postSolution
		{063ACA02-6A09-4712-B91D-6955BF9D480E}.Debug|x64.ActiveCfg = Debug|x64
		{063ACA02-6A09-4712-B91D-6955BF9D480E}.Debug|x64.Build.0 = Debug|x64
		{063ACA02-6A09-4712-B91D-6955BF9D480E}.Debug|x86.ActiveCfg = Debug|Win32
		{063ACA02-6A09-4712-B91D-6955BF9D480E}.Debug|x86.Build.0 = Debug|Win32
		{063ACA02-6A09-4712-B91D-6955BF9D480E}.Release|x64.ActiveCfg = Release|x64
		{063ACA02-6A09-4712-B91D-6955BF9D480E}.Release|x64.Build.0 = Release|x64
		{063ACA02-6A09-4712-B91D-6955BF9D480E}.Release|x86.ActiveCfg = Release|Win32
		{063ACA02-6A09-4712-B91D-6955BF9D480E}.Release|x86.Build.0 = Release|Win32
	EndGlobalSection
	GlobalSection(SolutionProperties) = preSolution
		HideSolutionNode = FALSE
	EndGlobalSection
	GlobalSection(ExtensibilityGlobals) = postSolution
		SolutionGuid = {88C201D0-7119-42F7-91E0-99C2045FDCAE}
	EndGlobalSection
EndGlobal
